// !$*UTF8*$!
{
	archiveVersion = 1;
	classes = {
	};
	objectVersion = 50;
	objects = {

/* Begin PBXBuildFile section */
		8BD41E7123FD932E0021935A /* AppDelegate.swift in Sources */ = {isa = PBXBuildFile; fileRef = 8BD41E7023FD932E0021935A /* AppDelegate.swift */; };
		8BD41E7323FD932E0021935A /* ViewController.swift in Sources */ = {isa = PBXBuildFile; fileRef = 8BD41E7223FD932E0021935A /* ViewController.swift */; };
		8BD41E7623FD932F0021935A /* Main.storyboard in Resources */ = {isa = PBXBuildFile; fileRef = 8BD41E7423FD932F0021935A /* Main.storyboard */; };
		8BD41E7823FD93410021935A /* Assets.xcassets in Resources */ = {isa = PBXBuildFile; fileRef = 8BD41E7723FD93410021935A /* Assets.xcassets */; };
		8BD41E7B23FD93410021935A /* LaunchScreen.storyboard in Resources */ = {isa = PBXBuildFile; fileRef = 8BD41E7923FD93410021935A /* LaunchScreen.storyboard */; };
		8BD41E8623FD93440021935A /* PESPTests.swift in Sources */ = {isa = PBXBuildFile; fileRef = 8BD41E8523FD93440021935A /* PESPTests.swift */; };
		8BD41E9123FD93440021935A /* PESPUITests.swift in Sources */ = {isa = PBXBuildFile; fileRef = 8BD41E9023FD93440021935A /* PESPUITests.swift */; };
/* End PBXBuildFile section */

/* Begin PBXContainerItemProxy section */
		8BD41E8223FD93440021935A /* PBXContainerItemProxy */ = {
			isa = PBXContainerItemProxy;
			containerPortal = 8BD41E6523FD932E0021935A /* Project object */;
			proxyType = 1;
			remoteGlobalIDString = 8BD41E6C23FD932E0021935A;
			remoteInfo = PESP;
		};
		8BD41E8D23FD93440021935A /* PBXContainerItemProxy */ = {
			isa = PBXContainerItemProxy;
			containerPortal = 8BD41E6523FD932E0021935A /* Project object */;
			proxyType = 1;
			remoteGlobalIDString = 8BD41E6C23FD932E0021935A;
			remoteInfo = PESP;
		};
/* End PBXContainerItemProxy section */

/* Begin PBXFileReference section */
		8BD41E6D23FD932E0021935A /* PESP.app */ = {isa = PBXFileReference; explicitFileType = wrapper.application; includeInIndex = 0; path = PESP.app; sourceTree = BUILT_PRODUCTS_DIR; };
		8BD41E7023FD932E0021935A /* AppDelegate.swift */ = {isa = PBXFileReference; lastKnownFileType = sourcecode.swift; path = AppDelegate.swift; sourceTree = "<group>"; };
		8BD41E7223FD932E0021935A /* ViewController.swift */ = {isa = PBXFileReference; lastKnownFileType = sourcecode.swift; path = ViewController.swift; sourceTree = "<group>"; };
		8BD41E7523FD932F0021935A /* Base */ = {isa = PBXFileReference; lastKnownFileType = file.storyboard; name = Base; path = Base.lproj/Main.storyboard; sourceTree = "<group>"; };
		8BD41E7723FD93410021935A /* Assets.xcassets */ = {isa = PBXFileReference; lastKnownFileType = folder.assetcatalog; path = Assets.xcassets; sourceTree = "<group>"; };
		8BD41E7A23FD93410021935A /* Base */ = {isa = PBXFileReference; lastKnownFileType = file.storyboard; name = Base; path = Base.lproj/LaunchScreen.storyboard; sourceTree = "<group>"; };
		8BD41E7C23FD93410021935A /* Info.plist */ = {isa = PBXFileReference; lastKnownFileType = text.plist.xml; path = Info.plist; sourceTree = "<group>"; };
		8BD41E8123FD93440021935A /* PESPTests.xctest */ = {isa = PBXFileReference; explicitFileType = wrapper.cfbundle; includeInIndex = 0; path = PESPTests.xctest; sourceTree = BUILT_PRODUCTS_DIR; };
		8BD41E8523FD93440021935A /* PESPTests.swift */ = {isa = PBXFileReference; lastKnownFileType = sourcecode.swift; path = PESPTests.swift; sourceTree = "<group>"; };
		8BD41E8723FD93440021935A /* Info.plist */ = {isa = PBXFileReference; lastKnownFileType = text.plist.xml; path = Info.plist; sourceTree = "<group>"; };
		8BD41E8C23FD93440021935A /* PESPUITests.xctest */ = {isa = PBXFileReference; explicitFileType = wrapper.cfbundle; includeInIndex = 0; path = PESPUITests.xctest; sourceTree = BUILT_PRODUCTS_DIR; };
		8BD41E9023FD93440021935A /* PESPUITests.swift */ = {isa = PBXFileReference; lastKnownFileType = sourcecode.swift; path = PESPUITests.swift; sourceTree = "<group>"; };
		8BD41E9223FD93440021935A /* Info.plist */ = {isa = PBXFileReference; lastKnownFileType = text.plist.xml; path = Info.plist; sourceTree = "<group>"; };
/* End PBXFileReference section */

/* Begin PBXFrameworksBuildPhase section */
		8BD41E6A23FD932E0021935A /* Frameworks */ = {
			isa = PBXFrameworksBuildPhase;
			buildActionMask = 2147483647;
			files = (
			);
			runOnlyForDeploymentPostprocessing = 0;
		};
		8BD41E7E23FD93440021935A /* Frameworks */ = {
			isa = PBXFrameworksBuildPhase;
			buildActionMask = 2147483647;
			files = (
			);
			runOnlyForDeploymentPostprocessing = 0;
		};
		8BD41E8923FD93440021935A /* Frameworks */ = {
			isa = PBXFrameworksBuildPhase;
			buildActionMask = 2147483647;
			files = (
			);
			runOnlyForDeploymentPostprocessing = 0;
		};
/* End PBXFrameworksBuildPhase section */

/* Begin PBXGroup section */
		8BD41E6423FD932D0021935A = {
			isa = PBXGroup;
			children = (
				8BD41E6F23FD932E0021935A /* PESP */,
				8BD41E8423FD93440021935A /* PESPTests */,
				8BD41E8F23FD93440021935A /* PESPUITests */,
				8BD41E6E23FD932E0021935A /* Products */,
			);
			sourceTree = "<group>";
		};
		8BD41E6E23FD932E0021935A /* Products */ = {
			isa = PBXGroup;
			children = (
				8BD41E6D23FD932E0021935A /* PESP.app */,
				8BD41E8123FD93440021935A /* PESPTests.xctest */,
				8BD41E8C23FD93440021935A /* PESPUITests.xctest */,
			);
			name = Products;
			sourceTree = "<group>";
		};
		8BD41E6F23FD932E0021935A /* PESP */ = {
			isa = PBXGroup;
			children = (
				8BD41E7023FD932E0021935A /* AppDelegate.swift */,
				8BD41E7223FD932E0021935A /* ViewController.swift */,
				8BD41E7423FD932F0021935A /* Main.storyboard */,
				8BD41E7723FD93410021935A /* Assets.xcassets */,
				8BD41E7923FD93410021935A /* LaunchScreen.storyboard */,
				8BD41E7C23FD93410021935A /* Info.plist */,
			);
			path = PESP;
			sourceTree = "<group>";
		};
		8BD41E8423FD93440021935A /* PESPTests */ = {
			isa = PBXGroup;
			children = (
				8BD41E8523FD93440021935A /* PESPTests.swift */,
				8BD41E8723FD93440021935A /* Info.plist */,
			);
			path = PESPTests;
			sourceTree = "<group>";
		};
		8BD41E8F23FD93440021935A /* PESPUITests */ = {
			isa = PBXGroup;
			children = (
				8BD41E9023FD93440021935A /* PESPUITests.swift */,
				8BD41E9223FD93440021935A /* Info.plist */,
			);
			path = PESPUITests;
			sourceTree = "<group>";
		};
/* End PBXGroup section */

/* Begin PBXNativeTarget section */
		8BD41E6C23FD932E0021935A /* PESP */ = {
			isa = PBXNativeTarget;
			buildConfigurationList = 8BD41E9523FD93440021935A /* Build configuration list for PBXNativeTarget "PESP" */;
			buildPhases = (
				8BD41E6923FD932E0021935A /* Sources */,
				8BD41E6A23FD932E0021935A /* Frameworks */,
				8BD41E6B23FD932E0021935A /* Resources */,
			);
			buildRules = (
			);
			dependencies = (
			);
			name = PESP;
			productName = PESP;
			productReference = 8BD41E6D23FD932E0021935A /* PESP.app */;
			productType = "com.apple.product-type.application";
		};
		8BD41E8023FD93440021935A /* PESPTests */ = {
			isa = PBXNativeTarget;
			buildConfigurationList = 8BD41E9823FD93440021935A /* Build configuration list for PBXNativeTarget "PESPTests" */;
			buildPhases = (
				8BD41E7D23FD93440021935A /* Sources */,
				8BD41E7E23FD93440021935A /* Frameworks */,
				8BD41E7F23FD93440021935A /* Resources */,
			);
			buildRules = (
			);
			dependencies = (
				8BD41E8323FD93440021935A /* PBXTargetDependency */,
			);
			name = PESPTests;
			productName = PESPTests;
			productReference = 8BD41E8123FD93440021935A /* PESPTests.xctest */;
			productType = "com.apple.product-type.bundle.unit-test";
		};
		8BD41E8B23FD93440021935A /* PESPUITests */ = {
			isa = PBXNativeTarget;
			buildConfigurationList = 8BD41E9B23FD93440021935A /* Build configuration list for PBXNativeTarget "PESPUITests" */;
			buildPhases = (
				8BD41E8823FD93440021935A /* Sources */,
				8BD41E8923FD93440021935A /* Frameworks */,
				8BD41E8A23FD93440021935A /* Resources */,
			);
			buildRules = (
			);
			dependencies = (
				8BD41E8E23FD93440021935A /* PBXTargetDependency */,
			);
			name = PESPUITests;
			productName = PESPUITests;
			productReference = 8BD41E8C23FD93440021935A /* PESPUITests.xctest */;
			productType = "com.apple.product-type.bundle.ui-testing";
		};
/* End PBXNativeTarget section */

/* Begin PBXProject section */
		8BD41E6523FD932E0021935A /* Project object */ = {
			isa = PBXProject;
			attributes = {
				LastSwiftUpdateCheck = 1020;
				LastUpgradeCheck = 1020;
				ORGANIZATIONNAME = CarlosQuiroga;
				TargetAttributes = {
					8BD41E6C23FD932E0021935A = {
						CreatedOnToolsVersion = 10.2.1;
					};
					8BD41E8023FD93440021935A = {
						CreatedOnToolsVersion = 10.2.1;
						TestTargetID = 8BD41E6C23FD932E0021935A;
					};
					8BD41E8B23FD93440021935A = {
						CreatedOnToolsVersion = 10.2.1;
						TestTargetID = 8BD41E6C23FD932E0021935A;
					};
				};
			};
			buildConfigurationList = 8BD41E6823FD932E0021935A /* Build configuration list for PBXProject "PESP" */;
			compatibilityVersion = "Xcode 9.3";
			developmentRegion = en;
			hasScannedForEncodings = 0;
			knownRegions = (
				en,
				Base,
			);
			mainGroup = 8BD41E6423FD932D0021935A;
			productRefGroup = 8BD41E6E23FD932E0021935A /* Products */;
			projectDirPath = "";
			projectRoot = "";
			targets = (
				8BD41E6C23FD932E0021935A /* PESP */,
				8BD41E8023FD93440021935A /* PESPTests */,
				8BD41E8B23FD93440021935A /* PESPUITests */,
			);
		};
/* End PBXProject section */

/* Begin PBXResourcesBuildPhase section */
		8BD41E6B23FD932E0021935A /* Resources */ = {
			isa = PBXResourcesBuildPhase;
			buildActionMask = 2147483647;
			files = (
				8BD41E7B23FD93410021935A /* LaunchScreen.storyboard in Resources */,
				8BD41E7823FD93410021935A /* Assets.xcassets in Resources */,
				8BD41E7623FD932F0021935A /* Main.storyboard in Resources */,
			);
			runOnlyForDeploymentPostprocessing = 0;
		};
		8BD41E7F23FD93440021935A /* Resources */ = {
			isa = PBXResourcesBuildPhase;
			buildActionMask = 2147483647;
			files = (
			);
			runOnlyForDeploymentPostprocessing = 0;
		};
		8BD41E8A23FD93440021935A /* Resources */ = {
			isa = PBXResourcesBuildPhase;
			buildActionMask = 2147483647;
			files = (
			);
			runOnlyForDeploymentPostprocessing = 0;
		};
/* End PBXResourcesBuildPhase section */

/* Begin PBXSourcesBuildPhase section */
		8BD41E6923FD932E0021935A /* Sources */ = {
			isa = PBXSourcesBuildPhase;
			buildActionMask = 2147483647;
			files = (
				8BD41E7323FD932E0021935A /* ViewController.swift in Sources */,
				8BD41E7123FD932E0021935A /* AppDelegate.swift in Sources */,
			);
			runOnlyForDeploymentPostprocessing = 0;
		};
		8BD41E7D23FD93440021935A /* Sources */ = {
			isa = PBXSourcesBuildPhase;
			buildActionMask = 2147483647;
			files = (
				8BD41E8623FD93440021935A /* PESPTests.swift in Sources */,
			);
			runOnlyForDeploymentPostprocessing = 0;
		};
		8BD41E8823FD93440021935A /* Sources */ = {
			isa = PBXSourcesBuildPhase;
			buildActionMask = 2147483647;
			files = (
				8BD41E9123FD93440021935A /* PESPUITests.swift in Sources */,
			);
			runOnlyForDeploymentPostprocessing = 0;
		};
/* End PBXSourcesBuildPhase section */

/* Begin PBXTargetDependency section */
		8BD41E8323FD93440021935A /* PBXTargetDependency */ = {
			isa = PBXTargetDependency;
			target = 8BD41E6C23FD932E0021935A /* PESP */;
			targetProxy = 8BD41E8223FD93440021935A /* PBXContainerItemProxy */;
		};
		8BD41E8E23FD93440021935A /* PBXTargetDependency */ = {
			isa = PBXTargetDependency;
			target = 8BD41E6C23FD932E0021935A /* PESP */;
			targetProxy = 8BD41E8D23FD93440021935A /* PBXContainerItemProxy */;
		};
/* End PBXTargetDependency section */

/* Begin PBXVariantGroup section */
		8BD41E7423FD932F0021935A /* Main.storyboard */ = {
			isa = PBXVariantGroup;
			children = (
				8BD41E7523FD932F0021935A /* Base */,
			);
			name = Main.storyboard;
			sourceTree = "<group>";
		};
		8BD41E7923FD93410021935A /* LaunchScreen.storyboard */ = {
			isa = PBXVariantGroup;
			children = (
				8BD41E7A23FD93410021935A /* Base */,
			);
			name = LaunchScreen.storyboard;
			sourceTree = "<group>";
		};
/* End PBXVariantGroup section */

/* Begin XCBuildConfiguration section */
		8BD41E9323FD93440021935A /* Debug */ = {
			isa = XCBuildConfiguration;
			buildSettings = {
				ALWAYS_SEARCH_USER_PATHS = NO;
				CLANG_ANALYZER_NONNULL = YES;
				CLANG_ANALYZER_NUMBER_OBJECT_CONVERSION = YES_AGGRESSIVE;
				CLANG_CXX_LANGUAGE_STANDARD = "gnu++14";
				CLANG_CXX_LIBRARY = "libc++";
				CLANG_ENABLE_MODULES = YES;
				CLANG_ENABLE_OBJC_ARC = YES;
				CLANG_ENABLE_OBJC_WEAK = YES;
				CLANG_WARN_BLOCK_CAPTURE_AUTORELEASING = YES;
				CLANG_WARN_BOOL_CONVERSION = YES;
				CLANG_WARN_COMMA = YES;
				CLANG_WARN_CONSTANT_CONVERSION = YES;
				CLANG_WARN_DEPRECATED_OBJC_IMPLEMENTATIONS = YES;
				CLANG_WARN_DIRECT_OBJC_ISA_USAGE = YES_ERROR;
				CLANG_WARN_DOCUMENTATION_COMMENTS = YES;
				CLANG_WARN_EMPTY_BODY = YES;
				CLANG_WARN_ENUM_CONVERSION = YES;
				CLANG_WARN_INFINITE_RECURSION = YES;
				CLANG_WARN_INT_CONVERSION = YES;
				CLANG_WARN_NON_LITERAL_NULL_CONVERSION = YES;
				CLANG_WARN_OBJC_IMPLICIT_RETAIN_SELF = YES;
				CLANG_WARN_OBJC_LITERAL_CONVERSION = YES;
				CLANG_WARN_OBJC_ROOT_CLASS = YES_ERROR;
				CLANG_WARN_RANGE_LOOP_ANALYSIS = YES;
				CLANG_WARN_STRICT_PROTOTYPES = YES;
				CLANG_WARN_SUSPICIOUS_MOVE = YES;
				CLANG_WARN_UNGUARDED_AVAILABILITY = YES_AGGRESSIVE;
				CLANG_WARN_UNREACHABLE_CODE = YES;
				CLANG_WARN__DUPLICATE_METHOD_MATCH = YES;
				CODE_SIGN_IDENTITY = "iPhone Developer";
				COPY_PHASE_STRIP = NO;
				DEBUG_INFORMATION_FORMAT = dwarf;
				ENABLE_STRICT_OBJC_MSGSEND = YES;
				ENABLE_TESTABILITY = YES;
				GCC_C_LANGUAGE_STANDARD = gnu11;
				GCC_DYNAMIC_NO_PIC = NO;
				GCC_NO_COMMON_BLOCKS = YES;
				GCC_OPTIMIZATION_LEVEL = 0;
				GCC_PREPROCESSOR_DEFINITIONS = (
					"DEBUG=1",
					"$(inherited)",
				);
				GCC_WARN_64_TO_32_BIT_CONVERSION = YES;
				GCC_WARN_ABOUT_RETURN_TYPE = YES_ERROR;
				GCC_WARN_UNDECLARED_SELECTOR = YES;
				GCC_WARN_UNINITIALIZED_AUTOS = YES_AGGRESSIVE;
				GCC_WARN_UNUSED_FUNCTION = YES;
				GCC_WARN_UNUSED_VARIABLE = YES;
				IPHONEOS_DEPLOYMENT_TARGET = 12.2;
				MTL_ENABLE_DEBUG_INFO = INCLUDE_SOURCE;
				MTL_FAST_MATH = YES;
				ONLY_ACTIVE_ARCH = YES;
				SDKROOT = iphoneos;
				SWIFT_ACTIVE_COMPILATION_CONDITIONS = DEBUG;
				SWIFT_OPTIMIZATION_LEVEL = "-Onone";
			};
			name = Debug;
		};
		8BD41E9423FD93440021935A /* Release */ = {
			isa = XCBuildConfiguration;
			buildSettings = {
				ALWAYS_SEARCH_USER_PATHS = NO;
				CLANG_ANALYZER_NONNULL = YES;
				CLANG_ANALYZER_NUMBER_OBJECT_CONVERSION = YES_AGGRESSIVE;
				CLANG_CXX_LANGUAGE_STANDARD = "gnu++14";
				CLANG_CXX_LIBRARY = "libc++";
				CLANG_ENABLE_MODULES = YES;
				CLANG_ENABLE_OBJC_ARC = YES;
				CLANG_ENABLE_OBJC_WEAK = YES;
				CLANG_WARN_BLOCK_CAPTURE_AUTORELEASING = YES;
				CLANG_WARN_BOOL_CONVERSION = YES;
				CLANG_WARN_COMMA = YES;
				CLANG_WARN_CONSTANT_CONVERSION = YES;
				CLANG_WARN_DEPRECATED_OBJC_IMPLEMENTATIONS = YES;
				CLANG_WARN_DIRECT_OBJC_ISA_USAGE = YES_ERROR;
				CLANG_WARN_DOCUMENTATION_COMMENTS = YES;
				CLANG_WARN_EMPTY_BODY = YES;
				CLANG_WARN_ENUM_CONVERSION = YES;
				CLANG_WARN_INFINITE_RECURSION = YES;
				CLANG_WARN_INT_CONVERSION = YES;
				CLANG_WARN_NON_LITERAL_NULL_CONVERSION = YES;
				CLANG_WARN_OBJC_IMPLICIT_RETAIN_SELF = YES;
				CLANG_WARN_OBJC_LITERAL_CONVERSION = YES;
				CLANG_WARN_OBJC_ROOT_CLASS = YES_ERROR;
				CLANG_WARN_RANGE_LOOP_ANALYSIS = YES;
				CLANG_WARN_STRICT_PROTOTYPES = YES;
				CLANG_WARN_SUSPICIOUS_MOVE = YES;
				CLANG_WARN_UNGUARDED_AVAILABILITY = YES_AGGRESSIVE;
				CLANG_WARN_UNREACHABLE_CODE = YES;
				CLANG_WARN__DUPLICATE_METHOD_MATCH = YES;
				CODE_SIGN_IDENTITY = "iPhone Developer";
				COPY_PHASE_STRIP = NO;
				DEBUG_INFORMATION_FORMAT = "dwarf-with-dsym";
				ENABLE_NS_ASSERTIONS = NO;
				ENABLE_STRICT_OBJC_MSGSEND = YES;
				GCC_C_LANGUAGE_STANDARD = gnu11;
				GCC_NO_COMMON_BLOCKS = YES;
				GCC_WARN_64_TO_32_BIT_CONVERSION = YES;
				GCC_WARN_ABOUT_RETURN_TYPE = YES_ERROR;
				GCC_WARN_UNDECLARED_SELECTOR = YES;
				GCC_WARN_UNINITIALIZED_AUTOS = YES_AGGRESSIVE;
				GCC_WARN_UNUSED_FUNCTION = YES;
				GCC_WARN_UNUSED_VARIABLE = YES;
				IPHONEOS_DEPLOYMENT_TARGET = 12.2;
				MTL_ENABLE_DEBUG_INFO = NO;
				MTL_FAST_MATH = YES;
				SDKROOT = iphoneos;
				SWIFT_COMPILATION_MODE = wholemodule;
				SWIFT_OPTIMIZATION_LEVEL = "-O";
				VALIDATE_PRODUCT = YES;
			};
			name = Release;
		};
		8BD41E9623FD93440021935A /* Debug */ = {
			isa = XCBuildConfiguration;
			buildSettings = {
				ASSETCATALOG_COMPILER_APPICON_NAME = AppIcon;
				CODE_SIGN_STYLE = Automatic;
				DEVELOPMENT_TEAM = 3XV4CD2R49;
				INFOPLIST_FILE = PESP/Info.plist;
				LD_RUNPATH_SEARCH_PATHS = (
					"$(inherited)",
					"@executable_path/Frameworks",
				);
				PRODUCT_BUNDLE_IDENTIFIER = com.CarlosQuiroga.PESP;
				PRODUCT_NAME = "$(TARGET_NAME)";
				SWIFT_VERSION = 5.0;
				TARGETED_DEVICE_FAMILY = "1,2";
			};
			name = Debug;
		};
		8BD41E9723FD93440021935A /* Release */ = {
			isa = XCBuildConfiguration;
			buildSettings = {
				ASSETCATALOG_COMPILER_APPICON_NAME = AppIcon;
				CODE_SIGN_STYLE = Automatic;
				DEVELOPMENT_TEAM = 3XV4CD2R49;
				INFOPLIST_FILE = PESP/Info.plist;
				LD_RUNPATH_SEARCH_PATHS = (
					"$(inherited)",
					"@executable_path/Frameworks",
				);
				PRODUCT_BUNDLE_IDENTIFIER = com.CarlosQuiroga.PESP;
				PRODUCT_NAME = "$(TARGET_NAME)";
				SWIFT_VERSION = 5.0;
				TARGETED_DEVICE_FAMILY = "1,2";
			};
			name = Release;
		};
		8BD41E9923FD93440021935A /* Debug */ = {
			isa = XCBuildConfiguration;
			buildSettings = {
				ALWAYS_EMBED_SWIFT_STANDARD_LIBRARIES = YES;
				BUNDLE_LOADER = "$(TEST_HOST)";
				CODE_SIGN_STYLE = Automatic;
				DEVELOPMENT_TEAM = 3XV4CD2R49;
				INFOPLIST_FILE = PESPTests/Info.plist;
				LD_RUNPATH_SEARCH_PATHS = (
					"$(inherited)",
					"@executable_path/Frameworks",
					"@loader_path/Frameworks",
				);
				PRODUCT_BUNDLE_IDENTIFIER = com.CarlosQuiroga.PESPTests;
				PRODUCT_NAME = "$(TARGET_NAME)";
				SWIFT_VERSION = 5.0;
				TARGETED_DEVICE_FAMILY = "1,2";
				TEST_HOST = "$(BUILT_PRODUCTS_DIR)/PESP.app/PESP";
			};
			name = Debug;
		};
		8BD41E9A23FD93440021935A /* Release */ = {
			isa = XCBuildConfiguration;
			buildSettings = {
				ALWAYS_EMBED_SWIFT_STANDARD_LIBRARIES = YES;
				BUNDLE_LOADER = "$(TEST_HOST)";
				CODE_SIGN_STYLE = Automatic;
				DEVELOPMENT_TEAM = 3XV4CD2R49;
				INFOPLIST_FILE = PESPTests/Info.plist;
				LD_RUNPATH_SEARCH_PATHS = (
					"$(inherited)",
					"@executable_path/Frameworks",
					"@loader_path/Frameworks",
				);
				PRODUCT_BUNDLE_IDENTIFIER = com.CarlosQuiroga.PESPTests;
				PRODUCT_NAME = "$(TARGET_NAME)";
				SWIFT_VERSION = 5.0;
				TARGETED_DEVICE_FAMILY = "1,2";
				TEST_HOST = "$(BUILT_PRODUCTS_DIR)/PESP.app/PESP";
			};
			name = Release;
		};
		8BD41E9C23FD93440021935A /* Debug */ = {
			isa = XCBuildConfiguration;
			buildSettings = {
				ALWAYS_EMBED_SWIFT_STANDARD_LIBRARIES = YES;
				CODE_SIGN_STYLE = Automatic;
				DEVELOPMENT_TEAM = 3XV4CD2R49;
				INFOPLIST_FILE = PESPUITests/Info.plist;
				LD_RUNPATH_SEARCH_PATHS = (
					"$(inherited)",
					"@executable_path/Frameworks",
					"@loader_path/Frameworks",
				);
				PRODUCT_BUNDLE_IDENTIFIER = com.CarlosQuiroga.PESPUITests;
				PRODUCT_NAME = "$(TARGET_NAME)";
				SWIFT_VERSION = 5.0;
				TARGETED_DEVICE_FAMILY = "1,2";
				TEST_TARGET_NAME = PESP;
			};
			name = Debug;
		};
		8BD41E9D23FD93440021935A /* Release */ = {
			isa = XCBuildConfiguration;
			buildSettings = {
				ALWAYS_EMBED_SWIFT_STANDARD_LIBRARIES = YES;
				CODE_SIGN_STYLE = Automatic;
				DEVELOPMENT_TEAM = 3XV4CD2R49;
				INFOPLIST_FILE = PESPUITests/Info.plist;
				LD_RUNPATH_SEARCH_PATHS = (
					"$(inherited)",
					"@executable_path/Frameworks",
					"@loader_path/Frameworks",
				);
				PRODUCT_BUNDLE_IDENTIFIER = com.CarlosQuiroga.PESPUITests;
				PRODUCT_NAME = "$(TARGET_NAME)";
				SWIFT_VERSION = 5.0;
				TARGETED_DEVICE_FAMILY = "1,2";
				TEST_TARGET_NAME = PESP;
			};
			name = Release;
		};
/* End XCBuildConfiguration section */

/* Begin XCConfigurationList section */
		8BD41E6823FD932E0021935A /* Build configuration list for PBXProject "PESP" */ = {
			isa = XCConfigurationList;
			buildConfigurations = (
				8BD41E9323FD93440021935A /* Debug */,
				8BD41E9423FD93440021935A /* Release */,
			);
			defaultConfigurationIsVisible = 0;
			defaultConfigurationName = Release;
		};
		8BD41E9523FD93440021935A /* Build configuration list for PBXNativeTarget "PESP" */ = {
			isa = XCConfigurationList;
			buildConfigurations = (
				8BD41E9623FD93440021935A /* Debug */,
				8BD41E9723FD93440021935A /* Release */,
			);
			defaultConfigurationIsVisible = 0;
			defaultConfigurationName = Release;
		};
		8BD41E9823FD93440021935A /* Build configuration list for PBXNativeTarget "PESPTests" */ = {
			isa = XCConfigurationList;
			buildConfigurations = (
				8BD41E9923FD93440021935A /* Debug */,
				8BD41E9A23FD93440021935A /* Release */,
			);
			defaultConfigurationIsVisible = 0;
			defaultConfigurationName = Release;
		};
		8BD41E9B23FD93440021935A /* Build configuration list for PBXNativeTarget "PESPUITests" */ = {
			isa = XCConfigurationList;
			buildConfigurations = (
				8BD41E9C23FD93440021935A /* Debug */,
				8BD41E9D23FD93440021935A /* Release */,
			);
			defaultConfigurationIsVisible = 0;
			defaultConfigurationName = Release;
		};
/* End XCConfigurationList section */
	};
	rootObject = 8BD41E6523FD932E0021935A /* Project object */;
}
